// !$*UTF8*$!
{
	archiveVersion = 1;
	classes = {
	};
	objectVersion = 46;
	objects = {

/* Begin PBXBuildFile section */
		280092601DFF90F100EC0C7E /* AppDelegate.swift in Sources */ = {isa = PBXBuildFile; fileRef = 2800925F1DFF90F100EC0C7E /* AppDelegate.swift */; };
		280092651DFF90F100EC0C7E /* Main.storyboard in Resources */ = {isa = PBXBuildFile; fileRef = 280092631DFF90F100EC0C7E /* Main.storyboard */; };
		280092671DFF90F100EC0C7E /* Assets.xcassets in Resources */ = {isa = PBXBuildFile; fileRef = 280092661DFF90F100EC0C7E /* Assets.xcassets */; };
		2800926A1DFF90F100EC0C7E /* LaunchScreen.storyboard in Resources */ = {isa = PBXBuildFile; fileRef = 280092681DFF90F100EC0C7E /* LaunchScreen.storyboard */; };
		2821BF321E2332080077861A /* BatteryViewController.swift in Sources */ = {isa = PBXBuildFile; fileRef = 2821BF311E2332080077861A /* BatteryViewController.swift */; };
		2821BF341E23325D0077861A /* AHRSViewController.swift in Sources */ = {isa = PBXBuildFile; fileRef = 2821BF331E23325D0077861A /* AHRSViewController.swift */; };
		2821BF361E23327A0077861A /* GasViewController.swift in Sources */ = {isa = PBXBuildFile; fileRef = 2821BF351E23327A0077861A /* GasViewController.swift */; };
		2821BF381E2332950077861A /* IRViewController.swift in Sources */ = {isa = PBXBuildFile; fileRef = 2821BF371E2332950077861A /* IRViewController.swift */; };
		2821BF3A1E2332D30077861A /* KeyViewController.swift in Sources */ = {isa = PBXBuildFile; fileRef = 2821BF391E2332D30077861A /* KeyViewController.swift */; };
		2821BF3C1E2332EA0077861A /* LedViewController.swift in Sources */ = {isa = PBXBuildFile; fileRef = 2821BF3B1E2332EA0077861A /* LedViewController.swift */; };
		2821BF3E1E2332FC0077861A /* SonarViewController.swift in Sources */ = {isa = PBXBuildFile; fileRef = 2821BF3D1E2332FC0077861A /* SonarViewController.swift */; };
		2821BF401E2335E80077861A /* BuzzerViewController.swift in Sources */ = {isa = PBXBuildFile; fileRef = 2821BF3F1E2335E80077861A /* BuzzerViewController.swift */; };
		2851F7841E1503CB00CEAA06 /* TemperatureViewController.swift in Sources */ = {isa = PBXBuildFile; fileRef = 2851F7831E1503CB00CEAA06 /* TemperatureViewController.swift */; };
		2879181E1E0264EA0091C740 /* BaseNavigationControllerViewController.swift in Sources */ = {isa = PBXBuildFile; fileRef = 2879181D1E0264EA0091C740 /* BaseNavigationControllerViewController.swift */; };
		287918221E02678D0091C740 /* Util.swift in Sources */ = {isa = PBXBuildFile; fileRef = 287918211E02678D0091C740 /* Util.swift */; };
		287918241E027F710091C740 /* DetectBluetoothTableViewController.swift in Sources */ = {isa = PBXBuildFile; fileRef = 287918231E027F710091C740 /* DetectBluetoothTableViewController.swift */; };
		2892DF181E03943900D76231 /* AllSensorsTableViewController.swift in Sources */ = {isa = PBXBuildFile; fileRef = 2892DF171E03943900D76231 /* AllSensorsTableViewController.swift */; };
		28BA2C1B1DFFDEB7007C8ADA /* NuBrick.swift in Sources */ = {isa = PBXBuildFile; fileRef = 28BA2C1A1DFFDEB7007C8ADA /* NuBrick.swift */; };
		3330BFB665C85FAA15CBB422 /* Pods_NuBrick.framework in Frameworks */ = {isa = PBXBuildFile; fileRef = 3EA07D273A2AAD25E01BFC59 /* Pods_NuBrick.framework */; };
/* End PBXBuildFile section */

/* Begin PBXFileReference section */
		2800925C1DFF90F100EC0C7E /* NuBrick.app */ = {isa = PBXFileReference; explicitFileType = wrapper.application; includeInIndex = 0; path = NuBrick.app; sourceTree = BUILT_PRODUCTS_DIR; };
		2800925F1DFF90F100EC0C7E /* AppDelegate.swift */ = {isa = PBXFileReference; lastKnownFileType = sourcecode.swift; path = AppDelegate.swift; sourceTree = "<group>"; };
		280092641DFF90F100EC0C7E /* Base */ = {isa = PBXFileReference; lastKnownFileType = file.storyboard; name = Base; path = Base.lproj/Main.storyboard; sourceTree = "<group>"; };
		280092661DFF90F100EC0C7E /* Assets.xcassets */ = {isa = PBXFileReference; lastKnownFileType = folder.assetcatalog; path = Assets.xcassets; sourceTree = "<group>"; };
		280092691DFF90F100EC0C7E /* Base */ = {isa = PBXFileReference; lastKnownFileType = file.storyboard; name = Base; path = Base.lproj/LaunchScreen.storyboard; sourceTree = "<group>"; };
		2800926B1DFF90F100EC0C7E /* Info.plist */ = {isa = PBXFileReference; lastKnownFileType = text.plist.xml; path = Info.plist; sourceTree = "<group>"; };
		280092741DFF946E00EC0C7E /* NuBrick-Bridging-Header.h */ = {isa = PBXFileReference; lastKnownFileType = sourcecode.c.h; path = "NuBrick-Bridging-Header.h"; sourceTree = "<group>"; };
		2821BF311E2332080077861A /* BatteryViewController.swift */ = {isa = PBXFileReference; fileEncoding = 4; lastKnownFileType = sourcecode.swift; path = BatteryViewController.swift; sourceTree = "<group>"; };
		2821BF331E23325D0077861A /* AHRSViewController.swift */ = {isa = PBXFileReference; fileEncoding = 4; lastKnownFileType = sourcecode.swift; path = AHRSViewController.swift; sourceTree = "<group>"; };
		2821BF351E23327A0077861A /* GasViewController.swift */ = {isa = PBXFileReference; fileEncoding = 4; lastKnownFileType = sourcecode.swift; path = GasViewController.swift; sourceTree = "<group>"; };
		2821BF371E2332950077861A /* IRViewController.swift */ = {isa = PBXFileReference; fileEncoding = 4; lastKnownFileType = sourcecode.swift; path = IRViewController.swift; sourceTree = "<group>"; };
		2821BF391E2332D30077861A /* KeyViewController.swift */ = {isa = PBXFileReference; fileEncoding = 4; lastKnownFileType = sourcecode.swift; path = KeyViewController.swift; sourceTree = "<group>"; };
		2821BF3B1E2332EA0077861A /* LedViewController.swift */ = {isa = PBXFileReference; fileEncoding = 4; lastKnownFileType = sourcecode.swift; path = LedViewController.swift; sourceTree = "<group>"; };
		2821BF3D1E2332FC0077861A /* SonarViewController.swift */ = {isa = PBXFileReference; fileEncoding = 4; lastKnownFileType = sourcecode.swift; path = SonarViewController.swift; sourceTree = "<group>"; };
		2821BF3F1E2335E80077861A /* BuzzerViewController.swift */ = {isa = PBXFileReference; fileEncoding = 4; lastKnownFileType = sourcecode.swift; path = BuzzerViewController.swift; sourceTree = "<group>"; };
		2851F7831E1503CB00CEAA06 /* TemperatureViewController.swift */ = {isa = PBXFileReference; fileEncoding = 4; lastKnownFileType = sourcecode.swift; path = TemperatureViewController.swift; sourceTree = "<group>"; };
		2879181D1E0264EA0091C740 /* BaseNavigationControllerViewController.swift */ = {isa = PBXFileReference; fileEncoding = 4; lastKnownFileType = sourcecode.swift; path = BaseNavigationControllerViewController.swift; sourceTree = "<group>"; };
		287918211E02678D0091C740 /* Util.swift */ = {isa = PBXFileReference; fileEncoding = 4; lastKnownFileType = sourcecode.swift; path = Util.swift; sourceTree = "<group>"; };
		287918231E027F710091C740 /* DetectBluetoothTableViewController.swift */ = {isa = PBXFileReference; fileEncoding = 4; lastKnownFileType = sourcecode.swift; path = DetectBluetoothTableViewController.swift; sourceTree = "<group>"; };
		2892DF171E03943900D76231 /* AllSensorsTableViewController.swift */ = {isa = PBXFileReference; fileEncoding = 4; lastKnownFileType = sourcecode.swift; path = AllSensorsTableViewController.swift; sourceTree = "<group>"; };
		28BA2C1A1DFFDEB7007C8ADA /* NuBrick.swift */ = {isa = PBXFileReference; fileEncoding = 4; lastKnownFileType = sourcecode.swift; name = NuBrick.swift; path = NuBrick/NuBrick.swift; sourceTree = "<group>"; };
		304F5E8CB4781BD0790000E7 /* Pods-NuBrick.debug.xcconfig */ = {isa = PBXFileReference; includeInIndex = 1; lastKnownFileType = text.xcconfig; name = "Pods-NuBrick.debug.xcconfig"; path = "Pods/Target Support Files/Pods-NuBrick/Pods-NuBrick.debug.xcconfig"; sourceTree = "<group>"; };
		3EA07D273A2AAD25E01BFC59 /* Pods_NuBrick.framework */ = {isa = PBXFileReference; explicitFileType = wrapper.framework; includeInIndex = 0; path = Pods_NuBrick.framework; sourceTree = BUILT_PRODUCTS_DIR; };
		F3D0A84D225F7F0481E91707 /* Pods-NuBrick.release.xcconfig */ = {isa = PBXFileReference; includeInIndex = 1; lastKnownFileType = text.xcconfig; name = "Pods-NuBrick.release.xcconfig"; path = "Pods/Target Support Files/Pods-NuBrick/Pods-NuBrick.release.xcconfig"; sourceTree = "<group>"; };
/* End PBXFileReference section */

/* Begin PBXFrameworksBuildPhase section */
		280092591DFF90F100EC0C7E /* Frameworks */ = {
			isa = PBXFrameworksBuildPhase;
			buildActionMask = 2147483647;
			files = (
				3330BFB665C85FAA15CBB422 /* Pods_NuBrick.framework in Frameworks */,
			);
			runOnlyForDeploymentPostprocessing = 0;
		};
/* End PBXFrameworksBuildPhase section */

/* Begin PBXGroup section */
		280092531DFF90F100EC0C7E = {
			isa = PBXGroup;
			children = (
				2800925E1DFF90F100EC0C7E /* NuBrick */,
				2800925D1DFF90F100EC0C7E /* Products */,
				3FCFCE47752766F22C93D030 /* Pods */,
				30D700A9BE2285A7878548F4 /* Frameworks */,
			);
			sourceTree = "<group>";
		};
		2800925D1DFF90F100EC0C7E /* Products */ = {
			isa = PBXGroup;
			children = (
				2800925C1DFF90F100EC0C7E /* NuBrick.app */,
			);
			name = Products;
			sourceTree = "<group>";
		};
		2800925E1DFF90F100EC0C7E /* NuBrick */ = {
			isa = PBXGroup;
			children = (
				280092741DFF946E00EC0C7E /* NuBrick-Bridging-Header.h */,
				2800925F1DFF90F100EC0C7E /* AppDelegate.swift */,
				280092711DFF936E00EC0C7E /* Model */,
				280092721DFF938100EC0C7E /* View */,
				280092731DFF938800EC0C7E /* Controller */,
				280092631DFF90F100EC0C7E /* Main.storyboard */,
				280092661DFF90F100EC0C7E /* Assets.xcassets */,
				280092681DFF90F100EC0C7E /* LaunchScreen.storyboard */,
				2800926B1DFF90F100EC0C7E /* Info.plist */,
			);
			path = NuBrick;
			sourceTree = "<group>";
		};
		280092711DFF936E00EC0C7E /* Model */ = {
			isa = PBXGroup;
			children = (
				28BA2C1A1DFFDEB7007C8ADA /* NuBrick.swift */,
			);
			name = Model;
			path = ..;
			sourceTree = "<group>";
		};
		280092721DFF938100EC0C7E /* View */ = {
			isa = PBXGroup;
			children = (
			);
			name = View;
			sourceTree = "<group>";
		};
		280092731DFF938800EC0C7E /* Controller */ = {
			isa = PBXGroup;
			children = (
				2821BF331E23325D0077861A /* AHRSViewController.swift */,
				2892DF171E03943900D76231 /* AllSensorsTableViewController.swift */,
				2879181D1E0264EA0091C740 /* BaseNavigationControllerViewController.swift */,
				2821BF311E2332080077861A /* BatteryViewController.swift */,
				2821BF3F1E2335E80077861A /* BuzzerViewController.swift */,
				287918231E027F710091C740 /* DetectBluetoothTableViewController.swift */,
				2821BF351E23327A0077861A /* GasViewController.swift */,
				2821BF371E2332950077861A /* IRViewController.swift */,
				2821BF391E2332D30077861A /* KeyViewController.swift */,
				2821BF3B1E2332EA0077861A /* LedViewController.swift */,
				2821BF3D1E2332FC0077861A /* SonarViewController.swift */,
				2851F7831E1503CB00CEAA06 /* TemperatureViewController.swift */,
				287918211E02678D0091C740 /* Util.swift */,
			);
			name = Controller;
			sourceTree = "<group>";
		};
		30D700A9BE2285A7878548F4 /* Frameworks */ = {
			isa = PBXGroup;
			children = (
				3EA07D273A2AAD25E01BFC59 /* Pods_NuBrick.framework */,
			);
			name = Frameworks;
			sourceTree = "<group>";
		};
		3FCFCE47752766F22C93D030 /* Pods */ = {
			isa = PBXGroup;
			children = (
				304F5E8CB4781BD0790000E7 /* Pods-NuBrick.debug.xcconfig */,
				F3D0A84D225F7F0481E91707 /* Pods-NuBrick.release.xcconfig */,
			);
			name = Pods;
			sourceTree = "<group>";
		};
/* End PBXGroup section */

/* Begin PBXNativeTarget section */
		2800925B1DFF90F100EC0C7E /* NuBrick */ = {
			isa = PBXNativeTarget;
			buildConfigurationList = 2800926E1DFF90F100EC0C7E /* Build configuration list for PBXNativeTarget "NuBrick" */;
			buildPhases = (
				5EEFE6CD9142AA57F0BC3F4A /* [CP] Check Pods Manifest.lock */,
				280092581DFF90F100EC0C7E /* Sources */,
				280092591DFF90F100EC0C7E /* Frameworks */,
				2800925A1DFF90F100EC0C7E /* Resources */,
				DDC84CDADF3298ED168469F5 /* [CP] Embed Pods Frameworks */,
				11F0769AE910BA3634B20D7F /* [CP] Copy Pods Resources */,
			);
			buildRules = (
			);
			dependencies = (
			);
			name = NuBrick;
			productName = NuBrick;
			productReference = 2800925C1DFF90F100EC0C7E /* NuBrick.app */;
			productType = "com.apple.product-type.application";
		};
/* End PBXNativeTarget section */

/* Begin PBXProject section */
		280092541DFF90F100EC0C7E /* Project object */ = {
			isa = PBXProject;
			attributes = {
				LastSwiftUpdateCheck = 0810;
				LastUpgradeCheck = 0820;
				ORGANIZATIONNAME = nuvoton;
				TargetAttributes = {
					2800925B1DFF90F100EC0C7E = {
						CreatedOnToolsVersion = 8.1;
						DevelopmentTeam = RXB9WS547Y;
						ProvisioningStyle = Automatic;
					};
				};
			};
			buildConfigurationList = 280092571DFF90F100EC0C7E /* Build configuration list for PBXProject "NuBrick" */;
			compatibilityVersion = "Xcode 3.2";
			developmentRegion = English;
			hasScannedForEncodings = 0;
			knownRegions = (
				en,
				Base,
			);
			mainGroup = 280092531DFF90F100EC0C7E;
			productRefGroup = 2800925D1DFF90F100EC0C7E /* Products */;
			projectDirPath = "";
			projectRoot = "";
			targets = (
				2800925B1DFF90F100EC0C7E /* NuBrick */,
			);
		};
/* End PBXProject section */

/* Begin PBXResourcesBuildPhase section */
		2800925A1DFF90F100EC0C7E /* Resources */ = {
			isa = PBXResourcesBuildPhase;
			buildActionMask = 2147483647;
			files = (
				2800926A1DFF90F100EC0C7E /* LaunchScreen.storyboard in Resources */,
				280092671DFF90F100EC0C7E /* Assets.xcassets in Resources */,
				280092651DFF90F100EC0C7E /* Main.storyboard in Resources */,
			);
			runOnlyForDeploymentPostprocessing = 0;
		};
/* End PBXResourcesBuildPhase section */

/* Begin PBXShellScriptBuildPhase section */
		11F0769AE910BA3634B20D7F /* [CP] Copy Pods Resources */ = {
			isa = PBXShellScriptBuildPhase;
			buildActionMask = 2147483647;
			files = (
			);
			inputPaths = (
			);
			name = "[CP] Copy Pods Resources";
			outputPaths = (
			);
			runOnlyForDeploymentPostprocessing = 0;
			shellPath = /bin/sh;
			shellScript = "\"${SRCROOT}/Pods/Target Support Files/Pods-NuBrick/Pods-NuBrick-resources.sh\"\n";
			showEnvVarsInLog = 0;
		};
		5EEFE6CD9142AA57F0BC3F4A /* [CP] Check Pods Manifest.lock */ = {
			isa = PBXShellScriptBuildPhase;
			buildActionMask = 2147483647;
			files = (
			);
			inputPaths = (
			);
			name = "[CP] Check Pods Manifest.lock";
			outputPaths = (
			);
			runOnlyForDeploymentPostprocessing = 0;
			shellPath = /bin/sh;
			shellScript = "diff \"${PODS_ROOT}/../Podfile.lock\" \"${PODS_ROOT}/Manifest.lock\" > /dev/null\nif [ $? != 0 ] ; then\n    # print error to STDERR\n    echo \"error: The sandbox is not in sync with the Podfile.lock. Run 'pod install' or update your CocoaPods installation.\" >&2\n    exit 1\nfi\n";
			showEnvVarsInLog = 0;
		};
		DDC84CDADF3298ED168469F5 /* [CP] Embed Pods Frameworks */ = {
			isa = PBXShellScriptBuildPhase;
			buildActionMask = 2147483647;
			files = (
			);
			inputPaths = (
			);
			name = "[CP] Embed Pods Frameworks";
			outputPaths = (
			);
			runOnlyForDeploymentPostprocessing = 0;
			shellPath = /bin/sh;
			shellScript = "\"${SRCROOT}/Pods/Target Support Files/Pods-NuBrick/Pods-NuBrick-frameworks.sh\"\n";
			showEnvVarsInLog = 0;
		};
/* End PBXShellScriptBuildPhase section */

/* Begin PBXSourcesBuildPhase section */
		280092581DFF90F100EC0C7E /* Sources */ = {
			isa = PBXSourcesBuildPhase;
			buildActionMask = 2147483647;
			files = (
				2821BF361E23327A0077861A /* GasViewController.swift in Sources */,
				2821BF3C1E2332EA0077861A /* LedViewController.swift in Sources */,
				2821BF3E1E2332FC0077861A /* SonarViewController.swift in Sources */,
				2821BF321E2332080077861A /* BatteryViewController.swift in Sources */,
				2821BF381E2332950077861A /* IRViewController.swift in Sources */,
				2879181E1E0264EA0091C740 /* BaseNavigationControllerViewController.swift in Sources */,
				287918221E02678D0091C740 /* Util.swift in Sources */,
				280092601DFF90F100EC0C7E /* AppDelegate.swift in Sources */,
				2892DF181E03943900D76231 /* AllSensorsTableViewController.swift in Sources */,
				28BA2C1B1DFFDEB7007C8ADA /* NuBrick.swift in Sources */,
				2821BF401E2335E80077861A /* BuzzerViewController.swift in Sources */,
				2851F7841E1503CB00CEAA06 /* TemperatureViewController.swift in Sources */,
				2821BF341E23325D0077861A /* AHRSViewController.swift in Sources */,
				2821BF3A1E2332D30077861A /* KeyViewController.swift in Sources */,
				287918241E027F710091C740 /* DetectBluetoothTableViewController.swift in Sources */,
			);
			runOnlyForDeploymentPostprocessing = 0;
		};
/* End PBXSourcesBuildPhase section */

/* Begin PBXVariantGroup section */
		280092631DFF90F100EC0C7E /* Main.storyboard */ = {
			isa = PBXVariantGroup;
			children = (
				280092641DFF90F100EC0C7E /* Base */,
			);
			name = Main.storyboard;
			sourceTree = "<group>";
		};
		280092681DFF90F100EC0C7E /* LaunchScreen.storyboard */ = {
			isa = PBXVariantGroup;
			children = (
				280092691DFF90F100EC0C7E /* Base */,
			);
			name = LaunchScreen.storyboard;
			sourceTree = "<group>";
		};
/* End PBXVariantGroup section */

/* Begin XCBuildConfiguration section */
		2800926C1DFF90F100EC0C7E /* Debug */ = {
			isa = XCBuildConfiguration;
			buildSettings = {
				ALWAYS_SEARCH_USER_PATHS = NO;
				CLANG_ANALYZER_NONNULL = YES;
				CLANG_CXX_LANGUAGE_STANDARD = "gnu++0x";
				CLANG_CXX_LIBRARY = "libc++";
				CLANG_ENABLE_MODULES = YES;
				CLANG_ENABLE_OBJC_ARC = YES;
				CLANG_WARN_BOOL_CONVERSION = YES;
				CLANG_WARN_CONSTANT_CONVERSION = YES;
				CLANG_WARN_DIRECT_OBJC_ISA_USAGE = YES_ERROR;
				CLANG_WARN_DOCUMENTATION_COMMENTS = YES;
				CLANG_WARN_EMPTY_BODY = YES;
				CLANG_WARN_ENUM_CONVERSION = YES;
				CLANG_WARN_INFINITE_RECURSION = YES;
				CLANG_WARN_INT_CONVERSION = YES;
				CLANG_WARN_OBJC_ROOT_CLASS = YES_ERROR;
				CLANG_WARN_SUSPICIOUS_MOVE = YES;
				CLANG_WARN_SUSPICIOUS_MOVES = YES;
				CLANG_WARN_UNREACHABLE_CODE = YES;
				CLANG_WARN__DUPLICATE_METHOD_MATCH = YES;
				"CODE_SIGN_IDENTITY[sdk=iphoneos*]" = "iPhone Developer";
				COPY_PHASE_STRIP = NO;
				DEBUG_INFORMATION_FORMAT = dwarf;
				ENABLE_STRICT_OBJC_MSGSEND = YES;
				ENABLE_TESTABILITY = YES;
				GCC_C_LANGUAGE_STANDARD = gnu99;
				GCC_DYNAMIC_NO_PIC = NO;
				GCC_NO_COMMON_BLOCKS = YES;
				GCC_OPTIMIZATION_LEVEL = 0;
				GCC_PREPROCESSOR_DEFINITIONS = (
					"DEBUG=1",
					"$(inherited)",
				);
				GCC_WARN_64_TO_32_BIT_CONVERSION = YES;
				GCC_WARN_ABOUT_RETURN_TYPE = YES_ERROR;
				GCC_WARN_UNDECLARED_SELECTOR = YES;
				GCC_WARN_UNINITIALIZED_AUTOS = YES_AGGRESSIVE;
				GCC_WARN_UNUSED_FUNCTION = YES;
				GCC_WARN_UNUSED_VARIABLE = YES;
				IPHONEOS_DEPLOYMENT_TARGET = 10.1;
				MTL_ENABLE_DEBUG_INFO = YES;
				ONLY_ACTIVE_ARCH = YES;
				SDKROOT = iphoneos;
				SWIFT_ACTIVE_COMPILATION_CONDITIONS = DEBUG;
				SWIFT_OPTIMIZATION_LEVEL = "-Onone";
			};
			name = Debug;
		};
		2800926D1DFF90F100EC0C7E /* Release */ = {
			isa = XCBuildConfiguration;
			buildSettings = {
				ALWAYS_SEARCH_USER_PATHS = NO;
				CLANG_ANALYZER_NONNULL = YES;
				CLANG_CXX_LANGUAGE_STANDARD = "gnu++0x";
				CLANG_CXX_LIBRARY = "libc++";
				CLANG_ENABLE_MODULES = YES;
				CLANG_ENABLE_OBJC_ARC = YES;
				CLANG_WARN_BOOL_CONVERSION = YES;
				CLANG_WARN_CONSTANT_CONVERSION = YES;
				CLANG_WARN_DIRECT_OBJC_ISA_USAGE = YES_ERROR;
				CLANG_WARN_DOCUMENTATION_COMMENTS = YES;
				CLANG_WARN_EMPTY_BODY = YES;
				CLANG_WARN_ENUM_CONVERSION = YES;
				CLANG_WARN_INFINITE_RECURSION = YES;
				CLANG_WARN_INT_CONVERSION = YES;
				CLANG_WARN_OBJC_ROOT_CLASS = YES_ERROR;
				CLANG_WARN_SUSPICIOUS_MOVE = YES;
				CLANG_WARN_SUSPICIOUS_MOVES = YES;
				CLANG_WARN_UNREACHABLE_CODE = YES;
				CLANG_WARN__DUPLICATE_METHOD_MATCH = YES;
				"CODE_SIGN_IDENTITY[sdk=iphoneos*]" = "iPhone Developer";
				COPY_PHASE_STRIP = NO;
				DEBUG_INFORMATION_FORMAT = "dwarf-with-dsym";
				ENABLE_NS_ASSERTIONS = NO;
				ENABLE_STRICT_OBJC_MSGSEND = YES;
				GCC_C_LANGUAGE_STANDARD = gnu99;
				GCC_NO_COMMON_BLOCKS = YES;
				GCC_WARN_64_TO_32_BIT_CONVERSION = YES;
				GCC_WARN_ABOUT_RETURN_TYPE = YES_ERROR;
				GCC_WARN_UNDECLARED_SELECTOR = YES;
				GCC_WARN_UNINITIALIZED_AUTOS = YES_AGGRESSIVE;
				GCC_WARN_UNUSED_FUNCTION = YES;
				GCC_WARN_UNUSED_VARIABLE = YES;
				IPHONEOS_DEPLOYMENT_TARGET = 10.1;
				MTL_ENABLE_DEBUG_INFO = NO;
				SDKROOT = iphoneos;
				SWIFT_OPTIMIZATION_LEVEL = "-Owholemodule";
				VALIDATE_PRODUCT = YES;
			};
			name = Release;
		};
		2800926F1DFF90F100EC0C7E /* Debug */ = {
			isa = XCBuildConfiguration;
			baseConfigurationReference = 304F5E8CB4781BD0790000E7 /* Pods-NuBrick.debug.xcconfig */;
			buildSettings = {
				ASSETCATALOG_COMPILER_APPICON_NAME = AppIcon;
				DEVELOPMENT_TEAM = RXB9WS547Y;
				INFOPLIST_FILE = NuBrick/Info.plist;
				LD_RUNPATH_SEARCH_PATHS = "$(inherited) @executable_path/Frameworks";
				PRODUCT_BUNDLE_IDENTIFIER = nuvoton.NuBrick;
				PRODUCT_NAME = "$(TARGET_NAME)";
				SWIFT_OBJC_BRIDGING_HEADER = "NuBrick/NuBrick-Bridging-Header.h";
				SWIFT_VERSION = 3.0;
			};
			name = Debug;
		};
		280092701DFF90F100EC0C7E /* Release */ = {
			isa = XCBuildConfiguration;
			baseConfigurationReference = F3D0A84D225F7F0481E91707 /* Pods-NuBrick.release.xcconfig */;
			buildSettings = {
				ASSETCATALOG_COMPILER_APPICON_NAME = AppIcon;
				DEVELOPMENT_TEAM = RXB9WS547Y;
				INFOPLIST_FILE = NuBrick/Info.plist;
				LD_RUNPATH_SEARCH_PATHS = "$(inherited) @executable_path/Frameworks";
				PRODUCT_BUNDLE_IDENTIFIER = nuvoton.NuBrick;
				PRODUCT_NAME = "$(TARGET_NAME)";
				SWIFT_OBJC_BRIDGING_HEADER = "NuBrick/NuBrick-Bridging-Header.h";
				SWIFT_VERSION = 3.0;
			};
			name = Release;
		};
/* End XCBuildConfiguration section */

/* Begin XCConfigurationList section */
		280092571DFF90F100EC0C7E /* Build configuration list for PBXProject "NuBrick" */ = {
			isa = XCConfigurationList;
			buildConfigurations = (
				2800926C1DFF90F100EC0C7E /* Debug */,
				2800926D1DFF90F100EC0C7E /* Release */,
			);
			defaultConfigurationIsVisible = 0;
			defaultConfigurationName = Release;
		};
		2800926E1DFF90F100EC0C7E /* Build configuration list for PBXNativeTarget "NuBrick" */ = {
			isa = XCConfigurationList;
			buildConfigurations = (
				2800926F1DFF90F100EC0C7E /* Debug */,
				280092701DFF90F100EC0C7E /* Release */,
			);
			defaultConfigurationIsVisible = 0;
			defaultConfigurationName = Release;
		};
/* End XCConfigurationList section */
	};
	rootObject = 280092541DFF90F100EC0C7E /* Project object */;
}
